{"1.2.0",
[{<<"foil">>,
  {git,"https://github.com/lpgauth/foil.git",
       {ref,"e462829855a745d8f20fb0508ae3eb8e323b03bd"}},
  0},
 {<<"granderl">>,
  {git,"https://github.com/tokenrove/granderl.git",
       {ref,"ee3fac0a2ca1d460c90808537216707f82cc777f"}},
  0},
 {<<"lz4">>,
  {git,"https://github.com/lpgauth/erlang-lz4.git",
       {ref,"9f2368addb07af0ea573fd1f1afd53e17adbea23"}},
  0},
 {<<"metal">>,{pkg,<<"metal">>,<<"0.1.1">>},1},
 {<<"murmur">>,
  {git,"https://github.com/lpgauth/murmur.git",
       {ref,"db2cd781c895d03561bc967ca75fe95e67a92dcf"}},
  0},
 {<<"shackle">>,
  {git,"https://github.com/lpgauth/shackle.git",
       {ref,"f99bf2e5963609a9cc783be273a63134829f8f3b"}},
  0},
 {<<"telemetry">>,{pkg,<<"telemetry">>,<<"1.2.1">>},1}]}.
[
{pkg_hash,[
 {<<"metal">>, <<"5D3D1322DA7BCD34B94FED5486F577973685298883954F7A3E517EF5EF6953F5">>},
 {<<"telemetry">>, <<"68FDFE8D8F05A8428483A97D7AAB2F268AAFF24B49E0F599FAA091F1D4E7F61C">>}]},
{pkg_hash_ext,[
 {<<"metal">>, <<"88B82B634998A1A768DEDCD372C2F7E657B19445325C0AF5CCBAC62C77210F1D">>},
 {<<"telemetry">>, <<"DAD9CE9D8EFFC621708F99EAC538EF1CBE05D6A874DD741DE2E689C47FEAFED5">>}]}
].
