{"1.2.0",
[{<<"foil">>,{pkg,<<"foil">>,<<"0.1.6">>},0},
 {<<"knot">>,{pkg,<<"knot">>,<<"0.1.2">>},1},
 {<<"lz4_nif">>,{pkg,<<"lz4_nif">>,<<"0.1.1">>},0},
 {<<"metal">>,{pkg,<<"metal">>,<<"0.1.2">>},1},
 {<<"murmur_nif">>,{pkg,<<"murmur_nif">>,<<"0.1.1">>},0},
 {<<"shackle">>,{pkg,<<"shackle">>,<<"0.7.3">>},0},
 {<<"telemetry">>,{pkg,<<"telemetry">>,<<"1.4.2">>},0}]}.
[
{pkg_hash,[
 {<<"foil">>, <<"31A9048E8EC6E8AC951ED3C4E4EB8F549465920C70F19E92CD9FC8A6867E7253">>},
 {<<"knot">>, <<"3B6C07CD24831D62752D879F031BCEDCFADB343738679EB1774A029D0A8B7D48">>},
 {<<"lz4_nif">>, <<"4C851F96C14A63388BCE34B5803A195D75485CA905E29D733B3023C6B872EC44">>},
 {<<"metal">>, <<"7501F14B075380F829498C4CE605643D6C7F0C55F60EBFCFBF694C33A558DF98">>},
 {<<"murmur_nif">>, <<"DA094D91F3A9E65B2D8F661E05739494AEC5209C8E405659E5E81CEF4113CF34">>},
 {<<"shackle">>, <<"DEDE0777BC297B212DE3DBE4377B391DA991FC011B4D5201960A5C4F11E83B2C">>},
 {<<"telemetry">>, <<"A0CB522801DFFB1C49FE6E30561BADFFC7B6D0E180DB1300DF759FAA22062855">>}]},
{pkg_hash_ext,[
 {<<"foil">>, <<"8D34B12D712FFB30AD9E192F57885ABB1A61510CD3D9F6AA44470510A50B979E">>},
 {<<"knot">>, <<"42CB91A8024A8857D70A61B33E83D31370D5EB48681B366AE1203CB7C7CCFB38">>},
 {<<"lz4_nif">>, <<"F63198268F31DA8EB9C54510B6C690178ABCD69F14271997D49644CAD8748F4A">>},
 {<<"metal">>, <<"CAC84E5CF2875B56E68874F3F0B3D598AF3EC30397EC2151D5C81C408961E6E4">>},
 {<<"murmur_nif">>, <<"2971C5E72FCFC7C293281462927B5E32AF3245E6FD6315AC429BBD1D280D0A02">>},
 {<<"shackle">>, <<"056944FEEB85ED0F3E1B7505FBC7174CDE0788993A19E9ADA85137A23CA56349">>},
 {<<"telemetry">>, <<"928F6495066506077862C0D1646609EED891A4326BEE3126BA54B60AF61FEBB1">>}]}
].
