[{<<"granderl">>,{pkg,<<"granderl">>,<<"0.1.5">>},1},
 {<<"lz4">>,
  {git,"https://github.com/lpgauth/erlang-lz4.git",
       {ref,"faf5c9e1bb083adb49638cddecfc9069596c43f9"}},
  0},
 {<<"metal">>,{pkg,<<"metal">>,<<"0.1.0">>},1},
 {<<"shackle">>,
  {git,"https://github.com/lpgauth/shackle.git",
       {ref,"bcf2f5bff0085f381efa4c44fb971261d6c6548b"}},
  0}].
